// !$*UTF8*$!
{
	archiveVersion = 1;
	classes = {
	};
	objectVersion = 50;
	objects = {

/* Begin PBXBuildFile section */
		DE0845E7253A925600D245F5 /* UIImageView+Extensions.swift in Sources */ = {isa = PBXBuildFile; fileRef = DE0845E3253A925600D245F5 /* UIImageView+Extensions.swift */; };
		DE0845E8253A925600D245F5 /* UIViewController+Extensions.swift in Sources */ = {isa = PBXBuildFile; fileRef = DE0845E4253A925600D245F5 /* UIViewController+Extensions.swift */; };
		DE0845E9253A925600D245F5 /* UIView+Extensions.swift in Sources */ = {isa = PBXBuildFile; fileRef = DE0845E5253A925600D245F5 /* UIView+Extensions.swift */; };
		DE0845EA253A925600D245F5 /* UIImage+Extensions.swift in Sources */ = {isa = PBXBuildFile; fileRef = DE0845E6253A925600D245F5 /* UIImage+Extensions.swift */; };
		DE0845F8253A94FC00D245F5 /* ImageOperation.swift in Sources */ = {isa = PBXBuildFile; fileRef = DE0845F6253A94FC00D245F5 /* ImageOperation.swift */; };
		DE0845F9253A94FC00D245F5 /* ImageDownloader.swift in Sources */ = {isa = PBXBuildFile; fileRef = DE0845F7253A94FC00D245F5 /* ImageDownloader.swift */; };
		DE084600253A954000D245F5 /* PixaBaySearchAPI.swift in Sources */ = {isa = PBXBuildFile; fileRef = DE0845FB253A954000D245F5 /* PixaBaySearchAPI.swift */; };
		DE084601253A954000D245F5 /* URLRequestConvertible.swift in Sources */ = {isa = PBXBuildFile; fileRef = DE0845FC253A954000D245F5 /* URLRequestConvertible.swift */; };
		DE084602253A954000D245F5 /* NetworkAPIClient.swift in Sources */ = {isa = PBXBuildFile; fileRef = DE0845FD253A954000D245F5 /* NetworkAPIClient.swift */; };
		DE084603253A954000D245F5 /* APIEndPoint.swift in Sources */ = {isa = PBXBuildFile; fileRef = DE0845FE253A954000D245F5 /* APIEndPoint.swift */; };
		DE084604253A954000D245F5 /* NetworkError.swift in Sources */ = {isa = PBXBuildFile; fileRef = DE0845FF253A954000D245F5 /* NetworkError.swift */; };
		DE084607253A96B600D245F5 /* Constants.swift in Sources */ = {isa = PBXBuildFile; fileRef = DE084606253A96B600D245F5 /* Constants.swift */; };
		DE08461A253AA22700D245F5 /* PixaBaySearchInteractor.swift in Sources */ = {isa = PBXBuildFile; fileRef = DE08460B253AA22700D245F5 /* PixaBaySearchInteractor.swift */; };
		DE08461B253AA22700D245F5 /* PixaBaySearchProtocols.swift in Sources */ = {isa = PBXBuildFile; fileRef = DE08460D253AA22700D245F5 /* PixaBaySearchProtocols.swift */; };
		DE08461C253AA22700D245F5 /* PixaBaySearchRouter.swift in Sources */ = {isa = PBXBuildFile; fileRef = DE08460F253AA22700D245F5 /* PixaBaySearchRouter.swift */; };
		DE08461D253AA22700D245F5 /* PixaBaySearchModuleBuilder.swift in Sources */ = {isa = PBXBuildFile; fileRef = DE084611253AA22700D245F5 /* PixaBaySearchModuleBuilder.swift */; };
		DE08461E253AA22700D245F5 /* PixaBaySearchViewModel.swift in Sources */ = {isa = PBXBuildFile; fileRef = DE084613253AA22700D245F5 /* PixaBaySearchViewModel.swift */; };
		DE08461F253AA22700D245F5 /* PixaBaySearchPresenter.swift in Sources */ = {isa = PBXBuildFile; fileRef = DE084614253AA22700D245F5 /* PixaBaySearchPresenter.swift */; };
		DE084620253AA22700D245F5 /* SearchViewController.swift in Sources */ = {isa = PBXBuildFile; fileRef = DE084616253AA22700D245F5 /* SearchViewController.swift */; };
		DE084621253AA22700D245F5 /* PixaBaySearchViewController.swift in Sources */ = {isa = PBXBuildFile; fileRef = DE084617253AA22700D245F5 /* PixaBaySearchViewController.swift */; };
		DE084622253AA22700D245F5 /* FooterView.swift in Sources */ = {isa = PBXBuildFile; fileRef = DE084618253AA22700D245F5 /* FooterView.swift */; };
		DE084623253AA22700D245F5 /* PixaBayImageCell.swift in Sources */ = {isa = PBXBuildFile; fileRef = DE084619253AA22700D245F5 /* PixaBayImageCell.swift */; };
		DE084627253AA29900D245F5 /* PixaBayPhotos.swift in Sources */ = {isa = PBXBuildFile; fileRef = DE084625253AA29900D245F5 /* PixaBayPhotos.swift */; };
		DE084628253AA29900D245F5 /* PixaBayPhoto.swift in Sources */ = {isa = PBXBuildFile; fileRef = DE084626253AA29900D245F5 /* PixaBayPhoto.swift */; };
		DE08462C253AB5F900D245F5 /* AppDelegate.swift in Sources */ = {isa = PBXBuildFile; fileRef = DE08462A253AB5F900D245F5 /* AppDelegate.swift */; };
		DE08462D253AB5F900D245F5 /* AppConfigurator.swift in Sources */ = {isa = PBXBuildFile; fileRef = DE08462B253AB5F900D245F5 /* AppConfigurator.swift */; };
		DE2E5A61253B3B3F00DFD7CD /* UIColor+Extensions.swift in Sources */ = {isa = PBXBuildFile; fileRef = DE2E5A60253B3B3F00DFD7CD /* UIColor+Extensions.swift */; };
		DE2E5A64253B406F00DFD7CD /* PIxaBay.xcdatamodeld in Sources */ = {isa = PBXBuildFile; fileRef = DE2E5A62253B406F00DFD7CD /* PIxaBay.xcdatamodeld */; };
		DE2E5A66253B433900DFD7CD /* TagsView.swift in Sources */ = {isa = PBXBuildFile; fileRef = DE2E5A65253B433900DFD7CD /* TagsView.swift */; };
		DE2E5A69253B558000DFD7CD /* CoreDataManager.swift in Sources */ = {isa = PBXBuildFile; fileRef = DE2E5A68253B557F00DFD7CD /* CoreDataManager.swift */; };
		DE667DC0253AF2F70041709A /* PixaBayPhotoDetailRouter.swift in Sources */ = {isa = PBXBuildFile; fileRef = DE667DB5253AF2F50041709A /* PixaBayPhotoDetailRouter.swift */; };
		DE667DC1253AF2F80041709A /* PixaBayPhotoDetailProtocols.swift in Sources */ = {isa = PBXBuildFile; fileRef = DE667DB7253AF2F60041709A /* PixaBayPhotoDetailProtocols.swift */; };
		DE667DC2253AF2F80041709A /* PixaBayDetailModuleBuilder.swift in Sources */ = {isa = PBXBuildFile; fileRef = DE667DB9253AF2F60041709A /* PixaBayDetailModuleBuilder.swift */; };
		DE667DC3253AF2F80041709A /* PixabayPhotoDetailViewController.swift in Sources */ = {isa = PBXBuildFile; fileRef = DE667DBB253AF2F60041709A /* PixabayPhotoDetailViewController.swift */; };
		DE667DC4253AF2F80041709A /* PixaBayPhotoDetailPresenter.swift in Sources */ = {isa = PBXBuildFile; fileRef = DE667DBD253AF2F70041709A /* PixaBayPhotoDetailPresenter.swift */; };
		DE667DC5253AF2F80041709A /* PixaBayPhotoDetailInteractor.swift in Sources */ = {isa = PBXBuildFile; fileRef = DE667DBF253AF2F70041709A /* PixaBayPhotoDetailInteractor.swift */; };
		DED03FB4253A254B00E9C759 /* Assets.xcassets in Resources */ = {isa = PBXBuildFile; fileRef = DED03FB3253A254B00E9C759 /* Assets.xcassets */; };
		DED03FB7253A254B00E9C759 /* LaunchScreen.storyboard in Resources */ = {isa = PBXBuildFile; fileRef = DED03FB5253A254B00E9C759 /* LaunchScreen.storyboard */; };
		DED03FC2253A254B00E9C759 /* PixaBay_SearchTests.swift in Sources */ = {isa = PBXBuildFile; fileRef = DED03FC1253A254B00E9C759 /* PixaBay_SearchTests.swift */; };
		DED03FCD253A254C00E9C759 /* PixaBay_SearchUITests.swift in Sources */ = {isa = PBXBuildFile; fileRef = DED03FCC253A254C00E9C759 /* PixaBay_SearchUITests.swift */; };
		DED03FDD253A261C00E9C759 /* UICollectionView+Reusable.swift in Sources */ = {isa = PBXBuildFile; fileRef = DED03FDB253A261B00E9C759 /* UICollectionView+Reusable.swift */; };
		DED03FDE253A261C00E9C759 /* Reusable.swift in Sources */ = {isa = PBXBuildFile; fileRef = DED03FDC253A261B00E9C759 /* Reusable.swift */; };
/* End PBXBuildFile section */

/* Begin PBXContainerItemProxy section */
		DED03FBE253A254B00E9C759 /* PBXContainerItemProxy */ = {
			isa = PBXContainerItemProxy;
			containerPortal = DED03F9F253A254700E9C759 /* Project object */;
			proxyType = 1;
			remoteGlobalIDString = DED03FA6253A254700E9C759;
			remoteInfo = "PixaBay Search";
		};
		DED03FC9253A254C00E9C759 /* PBXContainerItemProxy */ = {
			isa = PBXContainerItemProxy;
			containerPortal = DED03F9F253A254700E9C759 /* Project object */;
			proxyType = 1;
			remoteGlobalIDString = DED03FA6253A254700E9C759;
			remoteInfo = "PixaBay Search";
		};
/* End PBXContainerItemProxy section */

/* Begin PBXFileReference section */
		DE0845E3253A925600D245F5 /* UIImageView+Extensions.swift */ = {isa = PBXFileReference; fileEncoding = 4; lastKnownFileType = sourcecode.swift; path = "UIImageView+Extensions.swift"; sourceTree = "<group>"; };
		DE0845E4253A925600D245F5 /* UIViewController+Extensions.swift */ = {isa = PBXFileReference; fileEncoding = 4; lastKnownFileType = sourcecode.swift; path = "UIViewController+Extensions.swift"; sourceTree = "<group>"; };
		DE0845E5253A925600D245F5 /* UIView+Extensions.swift */ = {isa = PBXFileReference; fileEncoding = 4; lastKnownFileType = sourcecode.swift; path = "UIView+Extensions.swift"; sourceTree = "<group>"; };
		DE0845E6253A925600D245F5 /* UIImage+Extensions.swift */ = {isa = PBXFileReference; fileEncoding = 4; lastKnownFileType = sourcecode.swift; path = "UIImage+Extensions.swift"; sourceTree = "<group>"; };
		DE0845F6253A94FC00D245F5 /* ImageOperation.swift */ = {isa = PBXFileReference; fileEncoding = 4; lastKnownFileType = sourcecode.swift; path = ImageOperation.swift; sourceTree = "<group>"; };
		DE0845F7253A94FC00D245F5 /* ImageDownloader.swift */ = {isa = PBXFileReference; fileEncoding = 4; lastKnownFileType = sourcecode.swift; path = ImageDownloader.swift; sourceTree = "<group>"; };
		DE0845FB253A954000D245F5 /* PixaBaySearchAPI.swift */ = {isa = PBXFileReference; fileEncoding = 4; lastKnownFileType = sourcecode.swift; path = PixaBaySearchAPI.swift; sourceTree = "<group>"; };
		DE0845FC253A954000D245F5 /* URLRequestConvertible.swift */ = {isa = PBXFileReference; fileEncoding = 4; lastKnownFileType = sourcecode.swift; path = URLRequestConvertible.swift; sourceTree = "<group>"; };
		DE0845FD253A954000D245F5 /* NetworkAPIClient.swift */ = {isa = PBXFileReference; fileEncoding = 4; lastKnownFileType = sourcecode.swift; path = NetworkAPIClient.swift; sourceTree = "<group>"; };
		DE0845FE253A954000D245F5 /* APIEndPoint.swift */ = {isa = PBXFileReference; fileEncoding = 4; lastKnownFileType = sourcecode.swift; path = APIEndPoint.swift; sourceTree = "<group>"; };
		DE0845FF253A954000D245F5 /* NetworkError.swift */ = {isa = PBXFileReference; fileEncoding = 4; lastKnownFileType = sourcecode.swift; path = NetworkError.swift; sourceTree = "<group>"; };
		DE084606253A96B600D245F5 /* Constants.swift */ = {isa = PBXFileReference; fileEncoding = 4; lastKnownFileType = sourcecode.swift; path = Constants.swift; sourceTree = "<group>"; };
		DE08460B253AA22700D245F5 /* PixaBaySearchInteractor.swift */ = {isa = PBXFileReference; fileEncoding = 4; lastKnownFileType = sourcecode.swift; path = PixaBaySearchInteractor.swift; sourceTree = "<group>"; };
		DE08460D253AA22700D245F5 /* PixaBaySearchProtocols.swift */ = {isa = PBXFileReference; fileEncoding = 4; lastKnownFileType = sourcecode.swift; path = PixaBaySearchProtocols.swift; sourceTree = "<group>"; };
		DE08460F253AA22700D245F5 /* PixaBaySearchRouter.swift */ = {isa = PBXFileReference; fileEncoding = 4; lastKnownFileType = sourcecode.swift; path = PixaBaySearchRouter.swift; sourceTree = "<group>"; };
		DE084611253AA22700D245F5 /* PixaBaySearchModuleBuilder.swift */ = {isa = PBXFileReference; fileEncoding = 4; lastKnownFileType = sourcecode.swift; path = PixaBaySearchModuleBuilder.swift; sourceTree = "<group>"; };
		DE084613253AA22700D245F5 /* PixaBaySearchViewModel.swift */ = {isa = PBXFileReference; fileEncoding = 4; lastKnownFileType = sourcecode.swift; path = PixaBaySearchViewModel.swift; sourceTree = "<group>"; };
		DE084614253AA22700D245F5 /* PixaBaySearchPresenter.swift */ = {isa = PBXFileReference; fileEncoding = 4; lastKnownFileType = sourcecode.swift; path = PixaBaySearchPresenter.swift; sourceTree = "<group>"; };
		DE084616253AA22700D245F5 /* SearchViewController.swift */ = {isa = PBXFileReference; fileEncoding = 4; lastKnownFileType = sourcecode.swift; path = SearchViewController.swift; sourceTree = "<group>"; };
		DE084617253AA22700D245F5 /* PixaBaySearchViewController.swift */ = {isa = PBXFileReference; fileEncoding = 4; lastKnownFileType = sourcecode.swift; path = PixaBaySearchViewController.swift; sourceTree = "<group>"; };
		DE084618253AA22700D245F5 /* FooterView.swift */ = {isa = PBXFileReference; fileEncoding = 4; lastKnownFileType = sourcecode.swift; path = FooterView.swift; sourceTree = "<group>"; };
		DE084619253AA22700D245F5 /* PixaBayImageCell.swift */ = {isa = PBXFileReference; fileEncoding = 4; lastKnownFileType = sourcecode.swift; path = PixaBayImageCell.swift; sourceTree = "<group>"; };
		DE084625253AA29900D245F5 /* PixaBayPhotos.swift */ = {isa = PBXFileReference; fileEncoding = 4; lastKnownFileType = sourcecode.swift; path = PixaBayPhotos.swift; sourceTree = "<group>"; };
		DE084626253AA29900D245F5 /* PixaBayPhoto.swift */ = {isa = PBXFileReference; fileEncoding = 4; lastKnownFileType = sourcecode.swift; path = PixaBayPhoto.swift; sourceTree = "<group>"; };
		DE08462A253AB5F900D245F5 /* AppDelegate.swift */ = {isa = PBXFileReference; fileEncoding = 4; lastKnownFileType = sourcecode.swift; path = AppDelegate.swift; sourceTree = "<group>"; };
		DE08462B253AB5F900D245F5 /* AppConfigurator.swift */ = {isa = PBXFileReference; fileEncoding = 4; lastKnownFileType = sourcecode.swift; path = AppConfigurator.swift; sourceTree = "<group>"; };
		DE2E5A60253B3B3F00DFD7CD /* UIColor+Extensions.swift */ = {isa = PBXFileReference; lastKnownFileType = sourcecode.swift; path = "UIColor+Extensions.swift"; sourceTree = "<group>"; };
		DE2E5A63253B406F00DFD7CD /* PIxaBay.xcdatamodel */ = {isa = PBXFileReference; lastKnownFileType = wrapper.xcdatamodel; path = PIxaBay.xcdatamodel; sourceTree = "<group>"; };
		DE2E5A65253B433900DFD7CD /* TagsView.swift */ = {isa = PBXFileReference; lastKnownFileType = sourcecode.swift; path = TagsView.swift; sourceTree = "<group>"; };
		DE2E5A68253B557F00DFD7CD /* CoreDataManager.swift */ = {isa = PBXFileReference; lastKnownFileType = sourcecode.swift; path = CoreDataManager.swift; sourceTree = "<group>"; };
		DE667DB5253AF2F50041709A /* PixaBayPhotoDetailRouter.swift */ = {isa = PBXFileReference; fileEncoding = 4; lastKnownFileType = sourcecode.swift; path = PixaBayPhotoDetailRouter.swift; sourceTree = "<group>"; };
		DE667DB7253AF2F60041709A /* PixaBayPhotoDetailProtocols.swift */ = {isa = PBXFileReference; fileEncoding = 4; lastKnownFileType = sourcecode.swift; path = PixaBayPhotoDetailProtocols.swift; sourceTree = "<group>"; };
		DE667DB9253AF2F60041709A /* PixaBayDetailModuleBuilder.swift */ = {isa = PBXFileReference; fileEncoding = 4; lastKnownFileType = sourcecode.swift; path = PixaBayDetailModuleBuilder.swift; sourceTree = "<group>"; };
		DE667DBB253AF2F60041709A /* PixabayPhotoDetailViewController.swift */ = {isa = PBXFileReference; fileEncoding = 4; lastKnownFileType = sourcecode.swift; path = PixabayPhotoDetailViewController.swift; sourceTree = "<group>"; };
		DE667DBD253AF2F70041709A /* PixaBayPhotoDetailPresenter.swift */ = {isa = PBXFileReference; fileEncoding = 4; lastKnownFileType = sourcecode.swift; path = PixaBayPhotoDetailPresenter.swift; sourceTree = "<group>"; };
		DE667DBF253AF2F70041709A /* PixaBayPhotoDetailInteractor.swift */ = {isa = PBXFileReference; fileEncoding = 4; lastKnownFileType = sourcecode.swift; path = PixaBayPhotoDetailInteractor.swift; sourceTree = "<group>"; };
		DED03FA7253A254700E9C759 /* PixaBay Search.app */ = {isa = PBXFileReference; explicitFileType = wrapper.application; includeInIndex = 0; path = "PixaBay Search.app"; sourceTree = BUILT_PRODUCTS_DIR; };
		DED03FB3253A254B00E9C759 /* Assets.xcassets */ = {isa = PBXFileReference; lastKnownFileType = folder.assetcatalog; path = Assets.xcassets; sourceTree = "<group>"; };
		DED03FB6253A254B00E9C759 /* Base */ = {isa = PBXFileReference; lastKnownFileType = file.storyboard; name = Base; path = Base.lproj/LaunchScreen.storyboard; sourceTree = "<group>"; };
		DED03FB8253A254B00E9C759 /* Info.plist */ = {isa = PBXFileReference; lastKnownFileType = text.plist.xml; path = Info.plist; sourceTree = "<group>"; };
		DED03FBD253A254B00E9C759 /* PixaBay SearchTests.xctest */ = {isa = PBXFileReference; explicitFileType = wrapper.cfbundle; includeInIndex = 0; path = "PixaBay SearchTests.xctest"; sourceTree = BUILT_PRODUCTS_DIR; };
		DED03FC1253A254B00E9C759 /* PixaBay_SearchTests.swift */ = {isa = PBXFileReference; lastKnownFileType = sourcecode.swift; path = PixaBay_SearchTests.swift; sourceTree = "<group>"; };
		DED03FC3253A254B00E9C759 /* Info.plist */ = {isa = PBXFileReference; lastKnownFileType = text.plist.xml; path = Info.plist; sourceTree = "<group>"; };
		DED03FC8253A254C00E9C759 /* PixaBay SearchUITests.xctest */ = {isa = PBXFileReference; explicitFileType = wrapper.cfbundle; includeInIndex = 0; path = "PixaBay SearchUITests.xctest"; sourceTree = BUILT_PRODUCTS_DIR; };
		DED03FCC253A254C00E9C759 /* PixaBay_SearchUITests.swift */ = {isa = PBXFileReference; lastKnownFileType = sourcecode.swift; path = PixaBay_SearchUITests.swift; sourceTree = "<group>"; };
		DED03FCE253A254C00E9C759 /* Info.plist */ = {isa = PBXFileReference; lastKnownFileType = text.plist.xml; path = Info.plist; sourceTree = "<group>"; };
		DED03FDB253A261B00E9C759 /* UICollectionView+Reusable.swift */ = {isa = PBXFileReference; fileEncoding = 4; lastKnownFileType = sourcecode.swift; path = "UICollectionView+Reusable.swift"; sourceTree = "<group>"; };
		DED03FDC253A261B00E9C759 /* Reusable.swift */ = {isa = PBXFileReference; fileEncoding = 4; lastKnownFileType = sourcecode.swift; path = Reusable.swift; sourceTree = "<group>"; };
/* End PBXFileReference section */

/* Begin PBXFrameworksBuildPhase section */
		DED03FA4253A254700E9C759 /* Frameworks */ = {
			isa = PBXFrameworksBuildPhase;
			buildActionMask = 2147483647;
			files = (
			);
			runOnlyForDeploymentPostprocessing = 0;
		};
		DED03FBA253A254B00E9C759 /* Frameworks */ = {
			isa = PBXFrameworksBuildPhase;
			buildActionMask = 2147483647;
			files = (
			);
			runOnlyForDeploymentPostprocessing = 0;
		};
		DED03FC5253A254C00E9C759 /* Frameworks */ = {
			isa = PBXFrameworksBuildPhase;
			buildActionMask = 2147483647;
			files = (
			);
			runOnlyForDeploymentPostprocessing = 0;
		};
/* End PBXFrameworksBuildPhase section */

/* Begin PBXGroup section */
		DE0845E2253A925600D245F5 /* Extensions */ = {
			isa = PBXGroup;
			children = (
				DE0845E3253A925600D245F5 /* UIImageView+Extensions.swift */,
				DE0845E4253A925600D245F5 /* UIViewController+Extensions.swift */,
				DE0845E5253A925600D245F5 /* UIView+Extensions.swift */,
				DE0845E6253A925600D245F5 /* UIImage+Extensions.swift */,
				DE2E5A60253B3B3F00DFD7CD /* UIColor+Extensions.swift */,
			);
			path = Extensions;
			sourceTree = "<group>";
		};
		DE0845EB253A929600D245F5 /* Resources */ = {
			isa = PBXGroup;
			children = (
				DED03FB3253A254B00E9C759 /* Assets.xcassets */,
				DED03FB5253A254B00E9C759 /* LaunchScreen.storyboard */,
			);
			path = Resources;
			sourceTree = "<group>";
		};
		DE0845F5253A94FC00D245F5 /* ImageDownloader */ = {
			isa = PBXGroup;
			children = (
				DE0845F6253A94FC00D245F5 /* ImageOperation.swift */,
				DE0845F7253A94FC00D245F5 /* ImageDownloader.swift */,
			);
			path = ImageDownloader;
			sourceTree = "<group>";
		};
		DE0845FA253A954000D245F5 /* Networking */ = {
			isa = PBXGroup;
			children = (
				DE0845FB253A954000D245F5 /* PixaBaySearchAPI.swift */,
				DE0845FC253A954000D245F5 /* URLRequestConvertible.swift */,
				DE0845FD253A954000D245F5 /* NetworkAPIClient.swift */,
				DE0845FE253A954000D245F5 /* APIEndPoint.swift */,
				DE0845FF253A954000D245F5 /* NetworkError.swift */,
			);
			path = Networking;
			sourceTree = "<group>";
		};
		DE084605253A96B600D245F5 /* Constants */ = {
			isa = PBXGroup;
			children = (
				DE084606253A96B600D245F5 /* Constants.swift */,
			);
			path = Constants;
			sourceTree = "<group>";
		};
		DE084608253A9DE100D245F5 /* Modules */ = {
			isa = PBXGroup;
			children = (
				DE084609253A9DEE00D245F5 /* PixaBay Search */,
				DE667DB3253AF29D0041709A /* PixaBay Photo Detail */,
			);
			path = Modules;
			sourceTree = "<group>";
		};
		DE084609253A9DEE00D245F5 /* PixaBay Search */ = {
			isa = PBXGroup;
			children = (
				DE084624253AA29900D245F5 /* Entity */,
				DE084610253AA22700D245F5 /* Builder */,
				DE08460A253AA22700D245F5 /* Interactor */,
				DE084612253AA22700D245F5 /* Presenter */,
				DE08460C253AA22700D245F5 /* Protocols */,
				DE08460E253AA22700D245F5 /* Router */,
				DE084615253AA22700D245F5 /* View */,
			);
			path = "PixaBay Search";
			sourceTree = "<group>";
		};
		DE08460A253AA22700D245F5 /* Interactor */ = {
			isa = PBXGroup;
			children = (
				DE08460B253AA22700D245F5 /* PixaBaySearchInteractor.swift */,
			);
			path = Interactor;
			sourceTree = "<group>";
		};
		DE08460C253AA22700D245F5 /* Protocols */ = {
			isa = PBXGroup;
			children = (
				DE08460D253AA22700D245F5 /* PixaBaySearchProtocols.swift */,
			);
			path = Protocols;
			sourceTree = "<group>";
		};
		DE08460E253AA22700D245F5 /* Router */ = {
			isa = PBXGroup;
			children = (
				DE08460F253AA22700D245F5 /* PixaBaySearchRouter.swift */,
			);
			path = Router;
			sourceTree = "<group>";
		};
		DE084610253AA22700D245F5 /* Builder */ = {
			isa = PBXGroup;
			children = (
				DE084611253AA22700D245F5 /* PixaBaySearchModuleBuilder.swift */,
			);
			path = Builder;
			sourceTree = "<group>";
		};
		DE084612253AA22700D245F5 /* Presenter */ = {
			isa = PBXGroup;
			children = (
				DE084613253AA22700D245F5 /* PixaBaySearchViewModel.swift */,
				DE084614253AA22700D245F5 /* PixaBaySearchPresenter.swift */,
			);
			path = Presenter;
			sourceTree = "<group>";
		};
		DE084615253AA22700D245F5 /* View */ = {
			isa = PBXGroup;
			children = (
				DE084616253AA22700D245F5 /* SearchViewController.swift */,
				DE084617253AA22700D245F5 /* PixaBaySearchViewController.swift */,
				DE084618253AA22700D245F5 /* FooterView.swift */,
				DE084619253AA22700D245F5 /* PixaBayImageCell.swift */,
			);
			path = View;
			sourceTree = "<group>";
		};
		DE084624253AA29900D245F5 /* Entity */ = {
			isa = PBXGroup;
			children = (
				DE084625253AA29900D245F5 /* PixaBayPhotos.swift */,
				DE084626253AA29900D245F5 /* PixaBayPhoto.swift */,
			);
			path = Entity;
			sourceTree = "<group>";
		};
		DE084629253AB5F900D245F5 /* Application */ = {
			isa = PBXGroup;
			children = (
				DE08462A253AB5F900D245F5 /* AppDelegate.swift */,
				DE08462B253AB5F900D245F5 /* AppConfigurator.swift */,
			);
			path = Application;
			sourceTree = "<group>";
		};
		DE2E5A5D253B148000DFD7CD /* Helper */ = {
			isa = PBXGroup;
			children = (
				DE2E5A65253B433900DFD7CD /* TagsView.swift */,
			);
			path = Helper;
			sourceTree = "<group>";
		};
		DE2E5A67253B54E300DFD7CD /* DataStorage */ = {
			isa = PBXGroup;
			children = (
				DE2E5A68253B557F00DFD7CD /* CoreDataManager.swift */,
			);
			path = DataStorage;
			sourceTree = "<group>";
		};
		DE667DB3253AF29D0041709A /* PixaBay Photo Detail */ = {
			isa = PBXGroup;
			children = (
				DE667DB8253AF2F60041709A /* Builder */,
				DE667DBE253AF2F70041709A /* Interactor */,
				DE667DBC253AF2F70041709A /* Presenter */,
				DE667DB6253AF2F60041709A /* Protocols */,
				DE667DB4253AF2F50041709A /* Router */,
				DE667DBA253AF2F60041709A /* View */,
			);
			path = "PixaBay Photo Detail";
			sourceTree = "<group>";
		};
		DE667DB4253AF2F50041709A /* Router */ = {
			isa = PBXGroup;
			children = (
				DE667DB5253AF2F50041709A /* PixaBayPhotoDetailRouter.swift */,
			);
			path = Router;
			sourceTree = "<group>";
		};
		DE667DB6253AF2F60041709A /* Protocols */ = {
			isa = PBXGroup;
			children = (
				DE667DB7253AF2F60041709A /* PixaBayPhotoDetailProtocols.swift */,
			);
			path = Protocols;
			sourceTree = "<group>";
		};
		DE667DB8253AF2F60041709A /* Builder */ = {
			isa = PBXGroup;
			children = (
				DE667DB9253AF2F60041709A /* PixaBayDetailModuleBuilder.swift */,
			);
			path = Builder;
			sourceTree = "<group>";
		};
		DE667DBA253AF2F60041709A /* View */ = {
			isa = PBXGroup;
			children = (
				DE667DBB253AF2F60041709A /* PixabayPhotoDetailViewController.swift */,
			);
			path = View;
			sourceTree = "<group>";
		};
		DE667DBC253AF2F70041709A /* Presenter */ = {
			isa = PBXGroup;
			children = (
				DE667DBD253AF2F70041709A /* PixaBayPhotoDetailPresenter.swift */,
			);
			path = Presenter;
			sourceTree = "<group>";
		};
		DE667DBE253AF2F70041709A /* Interactor */ = {
			isa = PBXGroup;
			children = (
				DE667DBF253AF2F70041709A /* PixaBayPhotoDetailInteractor.swift */,
			);
			path = Interactor;
			sourceTree = "<group>";
		};
		DED03F9E253A254700E9C759 = {
			isa = PBXGroup;
			children = (
				DED03FA9253A254700E9C759 /* PixaBay Search */,
				DED03FC0253A254B00E9C759 /* PixaBay SearchTests */,
				DED03FCB253A254C00E9C759 /* PixaBay SearchUITests */,
				DED03FA8253A254700E9C759 /* Products */,
			);
			sourceTree = "<group>";
		};
		DED03FA8253A254700E9C759 /* Products */ = {
			isa = PBXGroup;
			children = (
				DED03FA7253A254700E9C759 /* PixaBay Search.app */,
				DED03FBD253A254B00E9C759 /* PixaBay SearchTests.xctest */,
				DED03FC8253A254C00E9C759 /* PixaBay SearchUITests.xctest */,
			);
			name = Products;
			sourceTree = "<group>";
		};
		DED03FA9253A254700E9C759 /* PixaBay Search */ = {
			isa = PBXGroup;
			children = (
				DE2E5A67253B54E300DFD7CD /* DataStorage */,
				DE2E5A5D253B148000DFD7CD /* Helper */,
				DE084629253AB5F900D245F5 /* Application */,
				DE084608253A9DE100D245F5 /* Modules */,
				DED03FB8253A254B00E9C759 /* Info.plist */,
				DE084605253A96B600D245F5 /* Constants */,
				DE0845F5253A94FC00D245F5 /* ImageDownloader */,
				DE0845EB253A929600D245F5 /* Resources */,
				DE0845E2253A925600D245F5 /* Extensions */,
				DED03FDA253A261B00E9C759 /* Protocols */,
				DE0845FA253A954000D245F5 /* Networking */,
				DE2E5A62253B406F00DFD7CD /* PIxaBay.xcdatamodeld */,
			);
			path = "PixaBay Search";
			sourceTree = "<group>";
		};
		DED03FC0253A254B00E9C759 /* PixaBay SearchTests */ = {
			isa = PBXGroup;
			children = (
				DED03FC1253A254B00E9C759 /* PixaBay_SearchTests.swift */,
				DED03FC3253A254B00E9C759 /* Info.plist */,
			);
			path = "PixaBay SearchTests";
			sourceTree = "<group>";
		};
		DED03FCB253A254C00E9C759 /* PixaBay SearchUITests */ = {
			isa = PBXGroup;
			children = (
				DED03FCC253A254C00E9C759 /* PixaBay_SearchUITests.swift */,
				DED03FCE253A254C00E9C759 /* Info.plist */,
			);
			path = "PixaBay SearchUITests";
			sourceTree = "<group>";
		};
		DED03FDA253A261B00E9C759 /* Protocols */ = {
			isa = PBXGroup;
			children = (
				DED03FDB253A261B00E9C759 /* UICollectionView+Reusable.swift */,
				DED03FDC253A261B00E9C759 /* Reusable.swift */,
			);
			path = Protocols;
			sourceTree = "<group>";
		};
/* End PBXGroup section */

/* Begin PBXNativeTarget section */
		DED03FA6253A254700E9C759 /* PixaBay Search */ = {
			isa = PBXNativeTarget;
			buildConfigurationList = DED03FD1253A254C00E9C759 /* Build configuration list for PBXNativeTarget "PixaBay Search" */;
			buildPhases = (
				DED03FA3253A254700E9C759 /* Sources */,
				DED03FA4253A254700E9C759 /* Frameworks */,
				DED03FA5253A254700E9C759 /* Resources */,
			);
			buildRules = (
			);
			dependencies = (
			);
			name = "PixaBay Search";
			productName = "PixaBay Search";
			productReference = DED03FA7253A254700E9C759 /* PixaBay Search.app */;
			productType = "com.apple.product-type.application";
		};
		DED03FBC253A254B00E9C759 /* PixaBay SearchTests */ = {
			isa = PBXNativeTarget;
			buildConfigurationList = DED03FD4253A254C00E9C759 /* Build configuration list for PBXNativeTarget "PixaBay SearchTests" */;
			buildPhases = (
				DED03FB9253A254B00E9C759 /* Sources */,
				DED03FBA253A254B00E9C759 /* Frameworks */,
				DED03FBB253A254B00E9C759 /* Resources */,
			);
			buildRules = (
			);
			dependencies = (
				DED03FBF253A254B00E9C759 /* PBXTargetDependency */,
			);
			name = "PixaBay SearchTests";
			productName = "PixaBay SearchTests";
			productReference = DED03FBD253A254B00E9C759 /* PixaBay SearchTests.xctest */;
			productType = "com.apple.product-type.bundle.unit-test";
		};
		DED03FC7253A254C00E9C759 /* PixaBay SearchUITests */ = {
			isa = PBXNativeTarget;
			buildConfigurationList = DED03FD7253A254C00E9C759 /* Build configuration list for PBXNativeTarget "PixaBay SearchUITests" */;
			buildPhases = (
				DED03FC4253A254C00E9C759 /* Sources */,
				DED03FC5253A254C00E9C759 /* Frameworks */,
				DED03FC6253A254C00E9C759 /* Resources */,
			);
			buildRules = (
			);
			dependencies = (
				DED03FCA253A254C00E9C759 /* PBXTargetDependency */,
			);
			name = "PixaBay SearchUITests";
			productName = "PixaBay SearchUITests";
			productReference = DED03FC8253A254C00E9C759 /* PixaBay SearchUITests.xctest */;
			productType = "com.apple.product-type.bundle.ui-testing";
		};
/* End PBXNativeTarget section */

/* Begin PBXProject section */
		DED03F9F253A254700E9C759 /* Project object */ = {
			isa = PBXProject;
			attributes = {
				LastSwiftUpdateCheck = 1120;
				LastUpgradeCheck = 1120;
				ORGANIZATIONNAME = mackbook;
				TargetAttributes = {
					DED03FA6253A254700E9C759 = {
						CreatedOnToolsVersion = 11.2.1;
					};
					DED03FBC253A254B00E9C759 = {
						CreatedOnToolsVersion = 11.2.1;
						TestTargetID = DED03FA6253A254700E9C759;
					};
					DED03FC7253A254C00E9C759 = {
						CreatedOnToolsVersion = 11.2.1;
						TestTargetID = DED03FA6253A254700E9C759;
					};
				};
			};
			buildConfigurationList = DED03FA2253A254700E9C759 /* Build configuration list for PBXProject "PixaBay Search" */;
			compatibilityVersion = "Xcode 9.3";
			developmentRegion = en;
			hasScannedForEncodings = 0;
			knownRegions = (
				en,
				Base,
			);
			mainGroup = DED03F9E253A254700E9C759;
			productRefGroup = DED03FA8253A254700E9C759 /* Products */;
			projectDirPath = "";
			projectRoot = "";
			targets = (
				DED03FA6253A254700E9C759 /* PixaBay Search */,
				DED03FBC253A254B00E9C759 /* PixaBay SearchTests */,
				DED03FC7253A254C00E9C759 /* PixaBay SearchUITests */,
			);
		};
/* End PBXProject section */

/* Begin PBXResourcesBuildPhase section */
		DED03FA5253A254700E9C759 /* Resources */ = {
			isa = PBXResourcesBuildPhase;
			buildActionMask = 2147483647;
			files = (
				DED03FB7253A254B00E9C759 /* LaunchScreen.storyboard in Resources */,
				DED03FB4253A254B00E9C759 /* Assets.xcassets in Resources */,
			);
			runOnlyForDeploymentPostprocessing = 0;
		};
		DED03FBB253A254B00E9C759 /* Resources */ = {
			isa = PBXResourcesBuildPhase;
			buildActionMask = 2147483647;
			files = (
			);
			runOnlyForDeploymentPostprocessing = 0;
		};
		DED03FC6253A254C00E9C759 /* Resources */ = {
			isa = PBXResourcesBuildPhase;
			buildActionMask = 2147483647;
			files = (
			);
			runOnlyForDeploymentPostprocessing = 0;
		};
/* End PBXResourcesBuildPhase section */

/* Begin PBXSourcesBuildPhase section */
		DED03FA3253A254700E9C759 /* Sources */ = {
			isa = PBXSourcesBuildPhase;
			buildActionMask = 2147483647;
			files = (
				DE0845E7253A925600D245F5 /* UIImageView+Extensions.swift in Sources */,
				DE08461C253AA22700D245F5 /* PixaBaySearchRouter.swift in Sources */,
				DE08461F253AA22700D245F5 /* PixaBaySearchPresenter.swift in Sources */,
				DE084607253A96B600D245F5 /* Constants.swift in Sources */,
				DE08461E253AA22700D245F5 /* PixaBaySearchViewModel.swift in Sources */,
				DE08461B253AA22700D245F5 /* PixaBaySearchProtocols.swift in Sources */,
				DE084604253A954000D245F5 /* NetworkError.swift in Sources */,
				DE2E5A61253B3B3F00DFD7CD /* UIColor+Extensions.swift in Sources */,
				DE667DC4253AF2F80041709A /* PixaBayPhotoDetailPresenter.swift in Sources */,
				DED03FDD253A261C00E9C759 /* UICollectionView+Reusable.swift in Sources */,
				DE084628253AA29900D245F5 /* PixaBayPhoto.swift in Sources */,
				DE084627253AA29900D245F5 /* PixaBayPhotos.swift in Sources */,
				DE0845E8253A925600D245F5 /* UIViewController+Extensions.swift in Sources */,
				DE2E5A66253B433900DFD7CD /* TagsView.swift in Sources */,
				DE667DC2253AF2F80041709A /* PixaBayDetailModuleBuilder.swift in Sources */,
				DE2E5A64253B406F00DFD7CD /* PIxaBay.xcdatamodeld in Sources */,
				DE084622253AA22700D245F5 /* FooterView.swift in Sources */,
				DE084601253A954000D245F5 /* URLRequestConvertible.swift in Sources */,
				DE667DC5253AF2F80041709A /* PixaBayPhotoDetailInteractor.swift in Sources */,
				DE0845F8253A94FC00D245F5 /* ImageOperation.swift in Sources */,
				DE0845F9253A94FC00D245F5 /* ImageDownloader.swift in Sources */,
				DE084621253AA22700D245F5 /* PixaBaySearchViewController.swift in Sources */,
				DE08462C253AB5F900D245F5 /* AppDelegate.swift in Sources */,
				DE084602253A954000D245F5 /* NetworkAPIClient.swift in Sources */,
				DE667DC0253AF2F70041709A /* PixaBayPhotoDetailRouter.swift in Sources */,
				DE08462D253AB5F900D245F5 /* AppConfigurator.swift in Sources */,
				DE667DC1253AF2F80041709A /* PixaBayPhotoDetailProtocols.swift in Sources */,
				DE0845EA253A925600D245F5 /* UIImage+Extensions.swift in Sources */,
				DE667DC3253AF2F80041709A /* PixabayPhotoDetailViewController.swift in Sources */,
				DE08461D253AA22700D245F5 /* PixaBaySearchModuleBuilder.swift in Sources */,
				DE084623253AA22700D245F5 /* PixaBayImageCell.swift in Sources */,
				DE084620253AA22700D245F5 /* SearchViewController.swift in Sources */,
				DE2E5A69253B558000DFD7CD /* CoreDataManager.swift in Sources */,
				DE084603253A954000D245F5 /* APIEndPoint.swift in Sources */,
				DE0845E9253A925600D245F5 /* UIView+Extensions.swift in Sources */,
				DE08461A253AA22700D245F5 /* PixaBaySearchInteractor.swift in Sources */,
				DED03FDE253A261C00E9C759 /* Reusable.swift in Sources */,
				DE084600253A954000D245F5 /* PixaBaySearchAPI.swift in Sources */,
			);
			runOnlyForDeploymentPostprocessing = 0;
		};
		DED03FB9253A254B00E9C759 /* Sources */ = {
			isa = PBXSourcesBuildPhase;
			buildActionMask = 2147483647;
			files = (
				DED03FC2253A254B00E9C759 /* PixaBay_SearchTests.swift in Sources */,
			);
			runOnlyForDeploymentPostprocessing = 0;
		};
		DED03FC4253A254C00E9C759 /* Sources */ = {
			isa = PBXSourcesBuildPhase;
			buildActionMask = 2147483647;
			files = (
				DED03FCD253A254C00E9C759 /* PixaBay_SearchUITests.swift in Sources */,
			);
			runOnlyForDeploymentPostprocessing = 0;
		};
/* End PBXSourcesBuildPhase section */

/* Begin PBXTargetDependency section */
		DED03FBF253A254B00E9C759 /* PBXTargetDependency */ = {
			isa = PBXTargetDependency;
			target = DED03FA6253A254700E9C759 /* PixaBay Search */;
			targetProxy = DED03FBE253A254B00E9C759 /* PBXContainerItemProxy */;
		};
		DED03FCA253A254C00E9C759 /* PBXTargetDependency */ = {
			isa = PBXTargetDependency;
			target = DED03FA6253A254700E9C759 /* PixaBay Search */;
			targetProxy = DED03FC9253A254C00E9C759 /* PBXContainerItemProxy */;
		};
/* End PBXTargetDependency section */

/* Begin PBXVariantGroup section */
		DED03FB5253A254B00E9C759 /* LaunchScreen.storyboard */ = {
			isa = PBXVariantGroup;
			children = (
				DED03FB6253A254B00E9C759 /* Base */,
			);
			name = LaunchScreen.storyboard;
			sourceTree = "<group>";
		};
/* End PBXVariantGroup section */

/* Begin XCBuildConfiguration section */
		DED03FCF253A254C00E9C759 /* Debug */ = {
			isa = XCBuildConfiguration;
			buildSettings = {
				ALWAYS_SEARCH_USER_PATHS = NO;
				CLANG_ANALYZER_NONNULL = YES;
				CLANG_ANALYZER_NUMBER_OBJECT_CONVERSION = YES_AGGRESSIVE;
				CLANG_CXX_LANGUAGE_STANDARD = "gnu++14";
				CLANG_CXX_LIBRARY = "libc++";
				CLANG_ENABLE_MODULES = YES;
				CLANG_ENABLE_OBJC_ARC = YES;
				CLANG_ENABLE_OBJC_WEAK = YES;
				CLANG_WARN_BLOCK_CAPTURE_AUTORELEASING = YES;
				CLANG_WARN_BOOL_CONVERSION = YES;
				CLANG_WARN_COMMA = YES;
				CLANG_WARN_CONSTANT_CONVERSION = YES;
				CLANG_WARN_DEPRECATED_OBJC_IMPLEMENTATIONS = YES;
				CLANG_WARN_DIRECT_OBJC_ISA_USAGE = YES_ERROR;
				CLANG_WARN_DOCUMENTATION_COMMENTS = YES;
				CLANG_WARN_EMPTY_BODY = YES;
				CLANG_WARN_ENUM_CONVERSION = YES;
				CLANG_WARN_INFINITE_RECURSION = YES;
				CLANG_WARN_INT_CONVERSION = YES;
				CLANG_WARN_NON_LITERAL_NULL_CONVERSION = YES;
				CLANG_WARN_OBJC_IMPLICIT_RETAIN_SELF = YES;
				CLANG_WARN_OBJC_LITERAL_CONVERSION = YES;
				CLANG_WARN_OBJC_ROOT_CLASS = YES_ERROR;
				CLANG_WARN_RANGE_LOOP_ANALYSIS = YES;
				CLANG_WARN_STRICT_PROTOTYPES = YES;
				CLANG_WARN_SUSPICIOUS_MOVE = YES;
				CLANG_WARN_UNGUARDED_AVAILABILITY = YES_AGGRESSIVE;
				CLANG_WARN_UNREACHABLE_CODE = YES;
				CLANG_WARN__DUPLICATE_METHOD_MATCH = YES;
				COPY_PHASE_STRIP = NO;
				DEBUG_INFORMATION_FORMAT = dwarf;
				ENABLE_STRICT_OBJC_MSGSEND = YES;
				ENABLE_TESTABILITY = YES;
				GCC_C_LANGUAGE_STANDARD = gnu11;
				GCC_DYNAMIC_NO_PIC = NO;
				GCC_NO_COMMON_BLOCKS = YES;
				GCC_OPTIMIZATION_LEVEL = 0;
				GCC_PREPROCESSOR_DEFINITIONS = (
					"DEBUG=1",
					"$(inherited)",
				);
				GCC_WARN_64_TO_32_BIT_CONVERSION = YES;
				GCC_WARN_ABOUT_RETURN_TYPE = YES_ERROR;
				GCC_WARN_UNDECLARED_SELECTOR = YES;
				GCC_WARN_UNINITIALIZED_AUTOS = YES_AGGRESSIVE;
				GCC_WARN_UNUSED_FUNCTION = YES;
				GCC_WARN_UNUSED_VARIABLE = YES;
				IPHONEOS_DEPLOYMENT_TARGET = 13.2;
				MTL_ENABLE_DEBUG_INFO = INCLUDE_SOURCE;
				MTL_FAST_MATH = YES;
				ONLY_ACTIVE_ARCH = YES;
				SDKROOT = iphoneos;
				SWIFT_ACTIVE_COMPILATION_CONDITIONS = DEBUG;
				SWIFT_OPTIMIZATION_LEVEL = "-Onone";
			};
			name = Debug;
		};
		DED03FD0253A254C00E9C759 /* Release */ = {
			isa = XCBuildConfiguration;
			buildSettings = {
				ALWAYS_SEARCH_USER_PATHS = NO;
				CLANG_ANALYZER_NONNULL = YES;
				CLANG_ANALYZER_NUMBER_OBJECT_CONVERSION = YES_AGGRESSIVE;
				CLANG_CXX_LANGUAGE_STANDARD = "gnu++14";
				CLANG_CXX_LIBRARY = "libc++";
				CLANG_ENABLE_MODULES = YES;
				CLANG_ENABLE_OBJC_ARC = YES;
				CLANG_ENABLE_OBJC_WEAK = YES;
				CLANG_WARN_BLOCK_CAPTURE_AUTORELEASING = YES;
				CLANG_WARN_BOOL_CONVERSION = YES;
				CLANG_WARN_COMMA = YES;
				CLANG_WARN_CONSTANT_CONVERSION = YES;
				CLANG_WARN_DEPRECATED_OBJC_IMPLEMENTATIONS = YES;
				CLANG_WARN_DIRECT_OBJC_ISA_USAGE = YES_ERROR;
				CLANG_WARN_DOCUMENTATION_COMMENTS = YES;
				CLANG_WARN_EMPTY_BODY = YES;
				CLANG_WARN_ENUM_CONVERSION = YES;
				CLANG_WARN_INFINITE_RECURSION = YES;
				CLANG_WARN_INT_CONVERSION = YES;
				CLANG_WARN_NON_LITERAL_NULL_CONVERSION = YES;
				CLANG_WARN_OBJC_IMPLICIT_RETAIN_SELF = YES;
				CLANG_WARN_OBJC_LITERAL_CONVERSION = YES;
				CLANG_WARN_OBJC_ROOT_CLASS = YES_ERROR;
				CLANG_WARN_RANGE_LOOP_ANALYSIS = YES;
				CLANG_WARN_STRICT_PROTOTYPES = YES;
				CLANG_WARN_SUSPICIOUS_MOVE = YES;
				CLANG_WARN_UNGUARDED_AVAILABILITY = YES_AGGRESSIVE;
				CLANG_WARN_UNREACHABLE_CODE = YES;
				CLANG_WARN__DUPLICATE_METHOD_MATCH = YES;
				COPY_PHASE_STRIP = NO;
				DEBUG_INFORMATION_FORMAT = "dwarf-with-dsym";
				ENABLE_NS_ASSERTIONS = NO;
				ENABLE_STRICT_OBJC_MSGSEND = YES;
				GCC_C_LANGUAGE_STANDARD = gnu11;
				GCC_NO_COMMON_BLOCKS = YES;
				GCC_WARN_64_TO_32_BIT_CONVERSION = YES;
				GCC_WARN_ABOUT_RETURN_TYPE = YES_ERROR;
				GCC_WARN_UNDECLARED_SELECTOR = YES;
				GCC_WARN_UNINITIALIZED_AUTOS = YES_AGGRESSIVE;
				GCC_WARN_UNUSED_FUNCTION = YES;
				GCC_WARN_UNUSED_VARIABLE = YES;
				IPHONEOS_DEPLOYMENT_TARGET = 13.2;
				MTL_ENABLE_DEBUG_INFO = NO;
				MTL_FAST_MATH = YES;
				SDKROOT = iphoneos;
				SWIFT_COMPILATION_MODE = wholemodule;
				SWIFT_OPTIMIZATION_LEVEL = "-O";
				VALIDATE_PRODUCT = YES;
			};
			name = Release;
		};
		DED03FD2253A254C00E9C759 /* Debug */ = {
			isa = XCBuildConfiguration;
			buildSettings = {
				ASSETCATALOG_COMPILER_APPICON_NAME = AppIcon;
				CODE_SIGN_STYLE = Automatic;
				DEVELOPMENT_TEAM = 83XZ7G7GXF;
				INFOPLIST_FILE = "PixaBay Search/Info.plist";
				LD_RUNPATH_SEARCH_PATHS = (
					"$(inherited)",
					"@executable_path/Frameworks",
				);
				PRODUCT_BUNDLE_IDENTIFIER = "com.mackbook.TestApp.PixaBay-Search";
				PRODUCT_NAME = "$(TARGET_NAME)";
				SWIFT_VERSION = 5.0;
				TARGETED_DEVICE_FAMILY = "1,2";
			};
			name = Debug;
		};
		DED03FD3253A254C00E9C759 /* Release */ = {
			isa = XCBuildConfiguration;
			buildSettings = {
				ASSETCATALOG_COMPILER_APPICON_NAME = AppIcon;
				CODE_SIGN_STYLE = Automatic;
				DEVELOPMENT_TEAM = 83XZ7G7GXF;
				INFOPLIST_FILE = "PixaBay Search/Info.plist";
				LD_RUNPATH_SEARCH_PATHS = (
					"$(inherited)",
					"@executable_path/Frameworks",
				);
				PRODUCT_BUNDLE_IDENTIFIER = "com.mackbook.TestApp.PixaBay-Search";
				PRODUCT_NAME = "$(TARGET_NAME)";
				SWIFT_VERSION = 5.0;
				TARGETED_DEVICE_FAMILY = "1,2";
			};
			name = Release;
		};
		DED03FD5253A254C00E9C759 /* Debug */ = {
			isa = XCBuildConfiguration;
			buildSettings = {
				ALWAYS_EMBED_SWIFT_STANDARD_LIBRARIES = YES;
				BUNDLE_LOADER = "$(TEST_HOST)";
				CODE_SIGN_STYLE = Automatic;
				DEVELOPMENT_TEAM = 83XZ7G7GXF;
				INFOPLIST_FILE = "PixaBay SearchTests/Info.plist";
				IPHONEOS_DEPLOYMENT_TARGET = 13.2;
				LD_RUNPATH_SEARCH_PATHS = (
					"$(inherited)",
					"@executable_path/Frameworks",
					"@loader_path/Frameworks",
				);
				PRODUCT_BUNDLE_IDENTIFIER = "com.mackbook.TestApp.PixaBay-SearchTests";
				PRODUCT_NAME = "$(TARGET_NAME)";
				SWIFT_VERSION = 5.0;
				TARGETED_DEVICE_FAMILY = "1,2";
				TEST_HOST = "$(BUILT_PRODUCTS_DIR)/PixaBay Search.app/PixaBay Search";
			};
			name = Debug;
		};
		DED03FD6253A254C00E9C759 /* Release */ = {
			isa = XCBuildConfiguration;
			buildSettings = {
				ALWAYS_EMBED_SWIFT_STANDARD_LIBRARIES = YES;
				BUNDLE_LOADER = "$(TEST_HOST)";
				CODE_SIGN_STYLE = Automatic;
				DEVELOPMENT_TEAM = 83XZ7G7GXF;
				INFOPLIST_FILE = "PixaBay SearchTests/Info.plist";
				IPHONEOS_DEPLOYMENT_TARGET = 13.2;
				LD_RUNPATH_SEARCH_PATHS = (
					"$(inherited)",
					"@executable_path/Frameworks",
					"@loader_path/Frameworks",
				);
				PRODUCT_BUNDLE_IDENTIFIER = "com.mackbook.TestApp.PixaBay-SearchTests";
				PRODUCT_NAME = "$(TARGET_NAME)";
				SWIFT_VERSION = 5.0;
				TARGETED_DEVICE_FAMILY = "1,2";
				TEST_HOST = "$(BUILT_PRODUCTS_DIR)/PixaBay Search.app/PixaBay Search";
			};
			name = Release;
		};
		DED03FD8253A254C00E9C759 /* Debug */ = {
			isa = XCBuildConfiguration;
			buildSettings = {
				ALWAYS_EMBED_SWIFT_STANDARD_LIBRARIES = YES;
				CODE_SIGN_STYLE = Automatic;
				DEVELOPMENT_TEAM = 83XZ7G7GXF;
				INFOPLIST_FILE = "PixaBay SearchUITests/Info.plist";
				LD_RUNPATH_SEARCH_PATHS = (
					"$(inherited)",
					"@executable_path/Frameworks",
					"@loader_path/Frameworks",
				);
				PRODUCT_BUNDLE_IDENTIFIER = "com.mackbook.TestApp.PixaBay-SearchUITests";
				PRODUCT_NAME = "$(TARGET_NAME)";
				SWIFT_VERSION = 5.0;
				TARGETED_DEVICE_FAMILY = "1,2";
				TEST_TARGET_NAME = "PixaBay Search";
			};
			name = Debug;
		};
		DED03FD9253A254C00E9C759 /* Release */ = {
			isa = XCBuildConfiguration;
			buildSettings = {
				ALWAYS_EMBED_SWIFT_STANDARD_LIBRARIES = YES;
				CODE_SIGN_STYLE = Automatic;
				DEVELOPMENT_TEAM = 83XZ7G7GXF;
				INFOPLIST_FILE = "PixaBay SearchUITests/Info.plist";
				LD_RUNPATH_SEARCH_PATHS = (
					"$(inherited)",
					"@executable_path/Frameworks",
					"@loader_path/Frameworks",
				);
				PRODUCT_BUNDLE_IDENTIFIER = "com.mackbook.TestApp.PixaBay-SearchUITests";
				PRODUCT_NAME = "$(TARGET_NAME)";
				SWIFT_VERSION = 5.0;
				TARGETED_DEVICE_FAMILY = "1,2";
				TEST_TARGET_NAME = "PixaBay Search";
			};
			name = Release;
		};
/* End XCBuildConfiguration section */

/* Begin XCConfigurationList section */
		DED03FA2253A254700E9C759 /* Build configuration list for PBXProject "PixaBay Search" */ = {
			isa = XCConfigurationList;
			buildConfigurations = (
				DED03FCF253A254C00E9C759 /* Debug */,
				DED03FD0253A254C00E9C759 /* Release */,
			);
			defaultConfigurationIsVisible = 0;
			defaultConfigurationName = Release;
		};
		DED03FD1253A254C00E9C759 /* Build configuration list for PBXNativeTarget "PixaBay Search" */ = {
			isa = XCConfigurationList;
			buildConfigurations = (
				DED03FD2253A254C00E9C759 /* Debug */,
				DED03FD3253A254C00E9C759 /* Release */,
			);
			defaultConfigurationIsVisible = 0;
			defaultConfigurationName = Release;
		};
		DED03FD4253A254C00E9C759 /* Build configuration list for PBXNativeTarget "PixaBay SearchTests" */ = {
			isa = XCConfigurationList;
			buildConfigurations = (
				DED03FD5253A254C00E9C759 /* Debug */,
				DED03FD6253A254C00E9C759 /* Release */,
			);
			defaultConfigurationIsVisible = 0;
			defaultConfigurationName = Release;
		};
		DED03FD7253A254C00E9C759 /* Build configuration list for PBXNativeTarget "PixaBay SearchUITests" */ = {
			isa = XCConfigurationList;
			buildConfigurations = (
				DED03FD8253A254C00E9C759 /* Debug */,
				DED03FD9253A254C00E9C759 /* Release */,
			);
			defaultConfigurationIsVisible = 0;
			defaultConfigurationName = Release;
		};
/* End XCConfigurationList section */

/* Begin XCVersionGroup section */
		DE2E5A62253B406F00DFD7CD /* PIxaBay.xcdatamodeld */ = {
			isa = XCVersionGroup;
			children = (
				DE2E5A63253B406F00DFD7CD /* PIxaBay.xcdatamodel */,
			);
			currentVersion = DE2E5A63253B406F00DFD7CD /* PIxaBay.xcdatamodel */;
			path = PIxaBay.xcdatamodeld;
			sourceTree = "<group>";
			versionGroupType = wrapper.xcdatamodel;
		};
/* End XCVersionGroup section */
	};
	rootObject = DED03F9F253A254700E9C759 /* Project object */;
}
